
Microsoft Visual Studio Solution File, Format Version 12.00
# Visual Studio Version 16
VisualStudioVersion = 16.0.29728.190
MinimumVisualStudioVersion = 10.0.40219.1
Project("{FAE04EC0-301F-11D3-BF4B-00C04F79EFBC}") = "AiFormsDialogSample.Android", "AiFormsDialogSample.Android\AiFormsDialogSample.Android.csproj", "{F5F4324F-367C-4933-8E62-5A85F5F4904B}"
EndProject
Project("{FAE04EC0-301F-11D3-BF4B-00C04F79EFBC}") = "AiFormsDialogSample.iOS", "AiFormsDialogSample.iOS\AiFormsDialogSample.iOS.csproj", "{CA8978E7-28BF-4C2C-A11B-51EE45C9E273}"
EndProject
Project("{FAE04EC0-301F-11D3-BF4B-00C04F79EFBC}") = "AiFormsDialogSample", "AiFormsDialogSample\AiFormsDialogSample.csproj", "{DC8C2E19-BF80-4793-8EEB-3119B1E725CB}"
EndProject
Global
	GlobalSection(SolutionConfigurationPlatforms) = preSolution
		Debug|Any CPU = Debug|Any CPU
		Debug|iPhone = Debug|iPhone
		Debug|iPhoneSimulator = Debug|iPhoneSimulator
		Release|Any CPU = Release|Any CPU
		Release|iPhone = Release|iPhone
		Release|iPhoneSimulator = Release|iPhoneSimulator
	EndGlobalSection
	GlobalSection(ProjectConfigurationPlatforms) = postSolution
		{F5F4324F-367C-4933-8E62-5A85F5F4904B}.Debug|Any CPU.ActiveCfg = Debug|Any CPU
		{F5F4324F-367C-4933-8E62-5A85F5F4904B}.Debug|Any CPU.Build.0 = Debug|Any CPU
		{F5F4324F-367C-4933-8E62-5A85F5F4904B}.Debug|Any CPU.Deploy.0 = Debug|Any CPU
		{F5F4324F-367C-4933-8E62-5A85F5F4904B}.Debug|iPhone.ActiveCfg = Debug|Any CPU
		{F5F4324F-367C-4933-8E62-5A85F5F4904B}.Debug|iPhone.Build.0 = Debug|Any CPU
		{F5F4324F-367C-4933-8E62-5A85F5F4904B}.Debug|iPhone.Deploy.0 = Debug|Any CPU
		{F5F4324F-367C-4933-8E62-5A85F5F4904B}.Debug|iPhoneSimulator.ActiveCfg = Debug|Any CPU
		{F5F4324F-367C-4933-8E62-5A85F5F4904B}.Debug|iPhoneSimulator.Build.0 = Debug|Any CPU
		{F5F4324F-367C-4933-8E62-5A85F5F4904B}.Debug|iPhoneSimulator.Deploy.0 = Debug|Any CPU
		{F5F4324F-367C-4933-8E62-5A85F5F4904B}.Release|Any CPU.ActiveCfg = Release|Any CPU
		{F5F4324F-367C-4933-8E62-5A85F5F4904B}.Release|Any CPU.Build.0 = Release|Any CPU
		{F5F4324F-367C-4933-8E62-5A85F5F4904B}.Release|Any CPU.Deploy.0 = Release|Any CPU
		{F5F4324F-367C-4933-8E62-5A85F5F4904B}.Release|iPhone.ActiveCfg = Release|Any CPU
		{F5F4324F-367C-4933-8E62-5A85F5F4904B}.Release|iPhone.Build.0 = Release|Any CPU
		{F5F4324F-367C-4933-8E62-5A85F5F4904B}.Release|iPhone.Deploy.0 = Release|Any CPU
		{F5F4324F-367C-4933-8E62-5A85F5F4904B}.Release|iPhoneSimulator.ActiveCfg = Release|Any CPU
		{F5F4324F-367C-4933-8E62-5A85F5F4904B}.Release|iPhoneSimulator.Build.0 = Release|Any CPU
		{F5F4324F-367C-4933-8E62-5A85F5F4904B}.Release|iPhoneSimulator.Deploy.0 = Release|Any CPU
		{CA8978E7-28BF-4C2C-A11B-51EE45C9E273}.Debug|Any CPU.ActiveCfg = Debug|iPhoneSimulator
		{CA8978E7-28BF-4C2C-A11B-51EE45C9E273}.Debug|Any CPU.Build.0 = Debug|iPhoneSimulator
		{CA8978E7-28BF-4C2C-A11B-51EE45C9E273}.Debug|Any CPU.Deploy.0 = Debug|iPhoneSimulator
		{CA8978E7-28BF-4C2C-A11B-51EE45C9E273}.Debug|iPhone.ActiveCfg = Debug|iPhone
		{CA8978E7-28BF-4C2C-A11B-51EE45C9E273}.Debug|iPhone.Build.0 = Debug|iPhone
		{CA8978E7-28BF-4C2C-A11B-51EE45C9E273}.Debug|iPhone.Deploy.0 = Debug|iPhone
		{CA8978E7-28BF-4C2C-A11B-51EE45C9E273}.Debug|iPhoneSimulator.ActiveCfg = Debug|iPhoneSimulator
		{CA8978E7-28BF-4C2C-A11B-51EE45C9E273}.Debug|iPhoneSimulator.Build.0 = Debug|iPhoneSimulator
		{CA8978E7-28BF-4C2C-A11B-51EE45C9E273}.Debug|iPhoneSimulator.Deploy.0 = Debug|iPhoneSimulator
		{CA8978E7-28BF-4C2C-A11B-51EE45C9E273}.Release|Any CPU.ActiveCfg = Release|iPhone
		{CA8978E7-28BF-4C2C-A11B-51EE45C9E273}.Release|Any CPU.Build.0 = Release|iPhone
		{CA8978E7-28BF-4C2C-A11B-51EE45C9E273}.Release|Any CPU.Deploy.0 = Release|iPhone
		{CA8978E7-28BF-4C2C-A11B-51EE45C9E273}.Release|iPhone.ActiveCfg = Release|iPhone
		{CA8978E7-28BF-4C2C-A11B-51EE45C9E273}.Release|iPhone.Build.0 = Release|iPhone
		{CA8978E7-28BF-4C2C-A11B-51EE45C9E273}.Release|iPhone.Deploy.0 = Release|iPhone
		{CA8978E7-28BF-4C2C-A11B-51EE45C9E273}.Release|iPhoneSimulator.ActiveCfg = Release|iPhoneSimulator
		{CA8978E7-28BF-4C2C-A11B-51EE45C9E273}.Release|iPhoneSimulator.Build.0 = Release|iPhoneSimulator
		{CA8978E7-28BF-4C2C-A11B-51EE45C9E273}.Release|iPhoneSimulator.Deploy.0 = Release|iPhoneSimulator
		{DC8C2E19-BF80-4793-8EEB-3119B1E725CB}.Debug|Any CPU.ActiveCfg = Debug|Any CPU
		{DC8C2E19-BF80-4793-8EEB-3119B1E725CB}.Debug|Any CPU.Build.0 = Debug|Any CPU
		{DC8C2E19-BF80-4793-8EEB-3119B1E725CB}.Debug|Any CPU.Deploy.0 = Debug|Any CPU
		{DC8C2E19-BF80-4793-8EEB-3119B1E725CB}.Debug|iPhone.ActiveCfg = Debug|Any CPU
		{DC8C2E19-BF80-4793-8EEB-3119B1E725CB}.Debug|iPhone.Build.0 = Debug|Any CPU
		{DC8C2E19-BF80-4793-8EEB-3119B1E725CB}.Debug|iPhone.Deploy.0 = Debug|Any CPU
		{DC8C2E19-BF80-4793-8EEB-3119B1E725CB}.Debug|iPhoneSimulator.ActiveCfg = Debug|Any CPU
		{DC8C2E19-BF80-4793-8EEB-3119B1E725CB}.Debug|iPhoneSimulator.Build.0 = Debug|Any CPU
		{DC8C2E19-BF80-4793-8EEB-3119B1E725CB}.Debug|iPhoneSimulator.Deploy.0 = Debug|Any CPU
		{DC8C2E19-BF80-4793-8EEB-3119B1E725CB}.Release|Any CPU.ActiveCfg = Release|Any CPU
		{DC8C2E19-BF80-4793-8EEB-3119B1E725CB}.Release|Any CPU.Build.0 = Release|Any CPU
		{DC8C2E19-BF80-4793-8EEB-3119B1E725CB}.Release|Any CPU.Deploy.0 = Release|Any CPU
		{DC8C2E19-BF80-4793-8EEB-3119B1E725CB}.Release|iPhone.ActiveCfg = Release|Any CPU
		{DC8C2E19-BF80-4793-8EEB-3119B1E725CB}.Release|iPhone.Build.0 = Release|Any CPU
		{DC8C2E19-BF80-4793-8EEB-3119B1E725CB}.Release|iPhone.Deploy.0 = Release|Any CPU
		{DC8C2E19-BF80-4793-8EEB-3119B1E725CB}.Release|iPhoneSimulator.ActiveCfg = Release|Any CPU
		{DC8C2E19-BF80-4793-8EEB-3119B1E725CB}.Release|iPhoneSimulator.Build.0 = Release|Any CPU
		{DC8C2E19-BF80-4793-8EEB-3119B1E725CB}.Release|iPhoneSimulator.Deploy.0 = Release|Any CPU
	EndGlobalSection
	GlobalSection(SolutionProperties) = preSolution
		HideSolutionNode = FALSE
	EndGlobalSection
	GlobalSection(ExtensibilityGlobals) = postSolution
		SolutionGuid = {8132E543-34FC-40A8-AB18-E785780B00B2}
	EndGlobalSection
EndGlobal
